
Microsoft Visual Studio Solution File, Format Version 12.00
# Visual Studio Version 16
VisualStudioVersion = 16.0.32901.82
MinimumVisualStudioVersion = 10.0.40219.1
Project("{FAE04EC0-301F-11D3-BF4B-00C04F79EFBC}") = "LibreriaNueva", "LibreriaNueva\LibreriaNueva.csproj", "{0C9ECAAB-F694-4346-A649-54EC825D845A}"
EndProject
Global
	GlobalSection(SolutionConfigurationPlatforms) = preSolution
		Debug|Any CPU = Debug|Any CPU
		Release|Any CPU = Release|Any CPU
	EndGlobalSection
	GlobalSection(ProjectConfigurationPlatforms) = postSolution
		{0C9ECAAB-F694-4346-A649-54EC825D845A}.Debug|Any CPU.ActiveCfg = Debug|Any CPU
		{0C9ECAAB-F694-4346-A649-54EC825D845A}.Debug|Any CPU.Build.0 = Debug|Any CPU
		{0C9ECAAB-F694-4346-A649-54EC825D845A}.Release|Any CPU.ActiveCfg = Release|Any CPU
		{0C9ECAAB-F694-4346-A649-54EC825D845A}.Release|Any CPU.Build.0 = Release|Any CPU
	EndGlobalSection
	GlobalSection(SolutionProperties) = preSolution
		HideSolutionNode = FALSE
	EndGlobalSection
	GlobalSection(ExtensibilityGlobals) = postSolution
		SolutionGuid = {8B13CBF7-BB89-4D7B-AD67-03C845D92E00}
	EndGlobalSection
EndGlobal
